
Microsoft Visual Studio Solution File, Format Version 12.00
# Visual Studio Version 16
VisualStudioVersion = 16.0.30804.86
MinimumVisualStudioVersion = 10.0.40219.1
Project("{9A19103F-16F7-4668-BE54-9A1E7A4F7556}") = "Eshva.Poezd.Core", "sources\Eshva.Poezd.Core\Eshva.Poezd.Core.csproj", "{E7C781DF-77DB-435B-95F1-24D3928B9916}"
EndProject
Project("{2150E333-8FDC-42A3-9474-1A3956D46DE8}") = "Samples", "Samples", "{5FAB6CF4-E697-4955-ADF7-1B650F77A2F9}"
EndProject
Project("{2150E333-8FDC-42A3-9474-1A3956D46DE8}") = "Venture", "Venture", "{161DFBF8-D707-40B4-8ECB-71F21E29DCD3}"
EndProject
Project("{2150E333-8FDC-42A3-9474-1A3956D46DE8}") = "CaseOffice", "CaseOffice", "{B5C1E7B7-C9BE-4DC4-A124-24F402EC6F04}"
EndProject
Project("{2150E333-8FDC-42A3-9474-1A3956D46DE8}") = "WorkPlanner", "WorkPlanner", "{8D645678-A97B-41C7-AF46-8B8653CE44C3}"
EndProject
Project("{9A19103F-16F7-4668-BE54-9A1E7A4F7556}") = "Venture.CaseOffice.Application", "samples\Venture\CaseOffice\Venture.CaseOffice.Application\Venture.CaseOffice.Application.csproj", "{7F48C001-EBE6-4E6D-9621-0D8AF61A065C}"
EndProject
Project("{9A19103F-16F7-4668-BE54-9A1E7A4F7556}") = "Venture.CaseOffice.Domain", "samples\Venture\CaseOffice\Venture.CaseOffice.Domain\Venture.CaseOffice.Domain.csproj", "{5C28E737-82E9-42F6-B77A-41F4E8068DD2}"
EndProject
Project("{9A19103F-16F7-4668-BE54-9A1E7A4F7556}") = "Venture.CaseOffice.Service", "samples\Venture\CaseOffice\Venture.CaseOffice.Service\Venture.CaseOffice.Service.csproj", "{81E4C566-E3F2-4E1C-92A0-FB5073FA8C1D}"
EndProject
Project("{2150E333-8FDC-42A3-9474-1A3956D46DE8}") = "Common", "Common", "{DA7B0FDC-3612-4FBB-8C17-D169B54871AE}"
EndProject
Project("{9A19103F-16F7-4668-BE54-9A1E7A4F7556}") = "Venture.Common.Application", "samples\Venture\Common\Venture.Common.Application\Venture.Common.Application.csproj", "{A88021C0-3349-4D1A-A8B7-24B2D9375813}"
EndProject
Project("{9A19103F-16F7-4668-BE54-9A1E7A4F7556}") = "Eshva.Poezd.SimpleInjectorCoupling", "sources\Eshva.Poezd.SimpleInjectorCoupling\Eshva.Poezd.SimpleInjectorCoupling.csproj", "{85AF1D21-9C16-4CCD-B9A3-8DA891490301}"
EndProject
Project("{9A19103F-16F7-4668-BE54-9A1E7A4F7556}") = "Eshva.Poezd.KafkaCoupling", "sources\Eshva.Poezd.KafkaCoupling\Eshva.Poezd.KafkaCoupling.csproj", "{DF999F58-7A68-4D65-B936-AF9B66658085}"
EndProject
Project("{9A19103F-16F7-4668-BE54-9A1E7A4F7556}") = "Venture.IntegrationTests", "samples\Venture\Venture.IntegrationTests\Venture.IntegrationTests.csproj", "{EFA0590F-48F6-4EF8-B147-D00A872AF26E}"
EndProject
Project("{9A19103F-16F7-4668-BE54-9A1E7A4F7556}") = "Venture.Common.TestingTools", "samples\Venture\Common\Venture.Common.TestingTools\Venture.Common.TestingTools.csproj", "{D8B1652B-24DF-4F6F-8C05-203F8D6EA2D6}"
EndProject
Project("{9A19103F-16F7-4668-BE54-9A1E7A4F7556}") = "Venture.Common.Poezd.Adapter", "samples\Venture\Common\Venture.Common.Poezd.Adapter\Venture.Common.Poezd.Adapter.csproj", "{0810CA03-EEA3-4714-B753-FF67F969E85E}"
EndProject
Project("{9A19103F-16F7-4668-BE54-9A1E7A4F7556}") = "Venture.Common.Poezd.Adapter.UnitTests", "samples\Venture\Common\Venture.Common.Poezd.Adapter.UnitTests\Venture.Common.Poezd.Adapter.UnitTests.csproj", "{2C4588F0-7DC4-4127-9528-B70253C25E2E}"
EndProject
Project("{9A19103F-16F7-4668-BE54-9A1E7A4F7556}") = "Venture.CaseOffice.Messages", "samples\Venture\Common\Venture.CaseOffice.Messages\Venture.CaseOffice.Messages.csproj", "{BE2BD5D5-6009-4091-A134-7A1945124436}"
EndProject
Project("{9A19103F-16F7-4668-BE54-9A1E7A4F7556}") = "Venture.WorkPlanner.Messages", "samples\Venture\Common\Venture.WorkPlanner.Messages\Venture.WorkPlanner.Messages.csproj", "{60088E61-7622-4301-BC3B-4A8C4D70694D}"
EndProject
Project("{2150E333-8FDC-42A3-9474-1A3956D46DE8}") = "Tests", "Tests", "{18170444-CA30-43F3-AA72-8CBB35A4631F}"
EndProject
Project("{2150E333-8FDC-42A3-9474-1A3956D46DE8}") = "Solution items", "Solution items", "{1C83D8D7-68AA-443D-80E0-4AC138A3FA2D}"
	ProjectSection(SolutionItems) = preProject
		appveyor.yml = appveyor.yml
		build.ps1 = build.ps1
		sources\Directory.Build.props = sources\Directory.Build.props
	EndProjectSection
EndProject
Project("{9A19103F-16F7-4668-BE54-9A1E7A4F7556}") = "Eshva.Poezd.Core.UnitTests", "tests\Eshva.Poezd.Core.UnitTests\Eshva.Poezd.Core.UnitTests.csproj", "{5310501E-C533-4982-92E7-E77624CC0F45}"
EndProject
Project("{9A19103F-16F7-4668-BE54-9A1E7A4F7556}") = "Eshva.Poezd.KafkaCoupling.UnitTests", "tests\Eshva.Poezd.KafkaCoupling.UnitTests\Eshva.Poezd.KafkaCoupling.UnitTests.csproj", "{513BA58C-AE6F-4EB0-98DC-FD8A632078C5}"
EndProject
Project("{9A19103F-16F7-4668-BE54-9A1E7A4F7556}") = "Venture.CaseOffice.Messages.UnitTests", "samples\Venture\Common\Venture.CaseOffice.Messages.UnitTests\Venture.CaseOffice.Messages.UnitTests.csproj", "{BD4031A0-836A-46EE-8DD9-B6CD1864B2FC}"
EndProject
Project("{9A19103F-16F7-4668-BE54-9A1E7A4F7556}") = "Venture.Common.Application.UnitTests", "Venture.Common.Application.UnitTests\Venture.Common.Application.UnitTests.csproj", "{24400E98-D54C-4C25-A853-139C4006F19E}"
EndProject
Global
	GlobalSection(SolutionConfigurationPlatforms) = preSolution
		Debug|Any CPU = Debug|Any CPU
		Release|Any CPU = Release|Any CPU
	EndGlobalSection
	GlobalSection(ProjectConfigurationPlatforms) = postSolution
		{E7C781DF-77DB-435B-95F1-24D3928B9916}.Debug|Any CPU.ActiveCfg = Debug|Any CPU
		{E7C781DF-77DB-435B-95F1-24D3928B9916}.Debug|Any CPU.Build.0 = Debug|Any CPU
		{E7C781DF-77DB-435B-95F1-24D3928B9916}.Release|Any CPU.ActiveCfg = Release|Any CPU
		{E7C781DF-77DB-435B-95F1-24D3928B9916}.Release|Any CPU.Build.0 = Release|Any CPU
		{7F48C001-EBE6-4E6D-9621-0D8AF61A065C}.Debug|Any CPU.ActiveCfg = Debug|Any CPU
		{7F48C001-EBE6-4E6D-9621-0D8AF61A065C}.Debug|Any CPU.Build.0 = Debug|Any CPU
		{7F48C001-EBE6-4E6D-9621-0D8AF61A065C}.Release|Any CPU.ActiveCfg = Release|Any CPU
		{7F48C001-EBE6-4E6D-9621-0D8AF61A065C}.Release|Any CPU.Build.0 = Release|Any CPU
		{5C28E737-82E9-42F6-B77A-41F4E8068DD2}.Debug|Any CPU.ActiveCfg = Debug|Any CPU
		{5C28E737-82E9-42F6-B77A-41F4E8068DD2}.Debug|Any CPU.Build.0 = Debug|Any CPU
		{5C28E737-82E9-42F6-B77A-41F4E8068DD2}.Release|Any CPU.ActiveCfg = Release|Any CPU
		{5C28E737-82E9-42F6-B77A-41F4E8068DD2}.Release|Any CPU.Build.0 = Release|Any CPU
		{81E4C566-E3F2-4E1C-92A0-FB5073FA8C1D}.Debug|Any CPU.ActiveCfg = Debug|Any CPU
		{81E4C566-E3F2-4E1C-92A0-FB5073FA8C1D}.Debug|Any CPU.Build.0 = Debug|Any CPU
		{81E4C566-E3F2-4E1C-92A0-FB5073FA8C1D}.Release|Any CPU.ActiveCfg = Release|Any CPU
		{81E4C566-E3F2-4E1C-92A0-FB5073FA8C1D}.Release|Any CPU.Build.0 = Release|Any CPU
		{A88021C0-3349-4D1A-A8B7-24B2D9375813}.Debug|Any CPU.ActiveCfg = Debug|Any CPU
		{A88021C0-3349-4D1A-A8B7-24B2D9375813}.Debug|Any CPU.Build.0 = Debug|Any CPU
		{A88021C0-3349-4D1A-A8B7-24B2D9375813}.Release|Any CPU.ActiveCfg = Release|Any CPU
		{A88021C0-3349-4D1A-A8B7-24B2D9375813}.Release|Any CPU.Build.0 = Release|Any CPU
		{85AF1D21-9C16-4CCD-B9A3-8DA891490301}.Debug|Any CPU.ActiveCfg = Debug|Any CPU
		{85AF1D21-9C16-4CCD-B9A3-8DA891490301}.Debug|Any CPU.Build.0 = Debug|Any CPU
		{85AF1D21-9C16-4CCD-B9A3-8DA891490301}.Release|Any CPU.ActiveCfg = Release|Any CPU
		{85AF1D21-9C16-4CCD-B9A3-8DA891490301}.Release|Any CPU.Build.0 = Release|Any CPU
		{DF999F58-7A68-4D65-B936-AF9B66658085}.Debug|Any CPU.ActiveCfg = Debug|Any CPU
		{DF999F58-7A68-4D65-B936-AF9B66658085}.Debug|Any CPU.Build.0 = Debug|Any CPU
		{DF999F58-7A68-4D65-B936-AF9B66658085}.Release|Any CPU.ActiveCfg = Release|Any CPU
		{DF999F58-7A68-4D65-B936-AF9B66658085}.Release|Any CPU.Build.0 = Release|Any CPU
		{EFA0590F-48F6-4EF8-B147-D00A872AF26E}.Debug|Any CPU.ActiveCfg = Debug|Any CPU
		{EFA0590F-48F6-4EF8-B147-D00A872AF26E}.Debug|Any CPU.Build.0 = Debug|Any CPU
		{EFA0590F-48F6-4EF8-B147-D00A872AF26E}.Release|Any CPU.ActiveCfg = Release|Any CPU
		{EFA0590F-48F6-4EF8-B147-D00A872AF26E}.Release|Any CPU.Build.0 = Release|Any CPU
		{D8B1652B-24DF-4F6F-8C05-203F8D6EA2D6}.Debug|Any CPU.ActiveCfg = Debug|Any CPU
		{D8B1652B-24DF-4F6F-8C05-203F8D6EA2D6}.Debug|Any CPU.Build.0 = Debug|Any CPU
		{D8B1652B-24DF-4F6F-8C05-203F8D6EA2D6}.Release|Any CPU.ActiveCfg = Release|Any CPU
		{D8B1652B-24DF-4F6F-8C05-203F8D6EA2D6}.Release|Any CPU.Build.0 = Release|Any CPU
		{0810CA03-EEA3-4714-B753-FF67F969E85E}.Debug|Any CPU.ActiveCfg = Debug|Any CPU
		{0810CA03-EEA3-4714-B753-FF67F969E85E}.Debug|Any CPU.Build.0 = Debug|Any CPU
		{0810CA03-EEA3-4714-B753-FF67F969E85E}.Release|Any CPU.ActiveCfg = Release|Any CPU
		{0810CA03-EEA3-4714-B753-FF67F969E85E}.Release|Any CPU.Build.0 = Release|Any CPU
		{2C4588F0-7DC4-4127-9528-B70253C25E2E}.Debug|Any CPU.ActiveCfg = Debug|Any CPU
		{2C4588F0-7DC4-4127-9528-B70253C25E2E}.Debug|Any CPU.Build.0 = Debug|Any CPU
		{2C4588F0-7DC4-4127-9528-B70253C25E2E}.Release|Any CPU.ActiveCfg = Release|Any CPU
		{2C4588F0-7DC4-4127-9528-B70253C25E2E}.Release|Any CPU.Build.0 = Release|Any CPU
		{BE2BD5D5-6009-4091-A134-7A1945124436}.Debug|Any CPU.ActiveCfg = Debug|Any CPU
		{BE2BD5D5-6009-4091-A134-7A1945124436}.Debug|Any CPU.Build.0 = Debug|Any CPU
		{BE2BD5D5-6009-4091-A134-7A1945124436}.Release|Any CPU.ActiveCfg = Release|Any CPU
		{BE2BD5D5-6009-4091-A134-7A1945124436}.Release|Any CPU.Build.0 = Release|Any CPU
		{60088E61-7622-4301-BC3B-4A8C4D70694D}.Debug|Any CPU.ActiveCfg = Debug|Any CPU
		{60088E61-7622-4301-BC3B-4A8C4D70694D}.Debug|Any CPU.Build.0 = Debug|Any CPU
		{60088E61-7622-4301-BC3B-4A8C4D70694D}.Release|Any CPU.ActiveCfg = Release|Any CPU
		{60088E61-7622-4301-BC3B-4A8C4D70694D}.Release|Any CPU.Build.0 = Release|Any CPU
		{5310501E-C533-4982-92E7-E77624CC0F45}.Debug|Any CPU.ActiveCfg = Debug|Any CPU
		{5310501E-C533-4982-92E7-E77624CC0F45}.Debug|Any CPU.Build.0 = Debug|Any CPU
		{5310501E-C533-4982-92E7-E77624CC0F45}.Release|Any CPU.ActiveCfg = Release|Any CPU
		{5310501E-C533-4982-92E7-E77624CC0F45}.Release|Any CPU.Build.0 = Release|Any CPU
		{513BA58C-AE6F-4EB0-98DC-FD8A632078C5}.Debug|Any CPU.ActiveCfg = Debug|Any CPU
		{513BA58C-AE6F-4EB0-98DC-FD8A632078C5}.Debug|Any CPU.Build.0 = Debug|Any CPU
		{513BA58C-AE6F-4EB0-98DC-FD8A632078C5}.Release|Any CPU.ActiveCfg = Release|Any CPU
		{513BA58C-AE6F-4EB0-98DC-FD8A632078C5}.Release|Any CPU.Build.0 = Release|Any CPU
		{BD4031A0-836A-46EE-8DD9-B6CD1864B2FC}.Debug|Any CPU.ActiveCfg = Debug|Any CPU
		{BD4031A0-836A-46EE-8DD9-B6CD1864B2FC}.Debug|Any CPU.Build.0 = Debug|Any CPU
		{BD4031A0-836A-46EE-8DD9-B6CD1864B2FC}.Release|Any CPU.ActiveCfg = Release|Any CPU
		{BD4031A0-836A-46EE-8DD9-B6CD1864B2FC}.Release|Any CPU.Build.0 = Release|Any CPU
		{24400E98-D54C-4C25-A853-139C4006F19E}.Debug|Any CPU.ActiveCfg = Debug|Any CPU
		{24400E98-D54C-4C25-A853-139C4006F19E}.Debug|Any CPU.Build.0 = Debug|Any CPU
		{24400E98-D54C-4C25-A853-139C4006F19E}.Release|Any CPU.ActiveCfg = Release|Any CPU
		{24400E98-D54C-4C25-A853-139C4006F19E}.Release|Any CPU.Build.0 = Release|Any CPU
	EndGlobalSection
	GlobalSection(SolutionProperties) = preSolution
		HideSolutionNode = FALSE
	EndGlobalSection
	GlobalSection(NestedProjects) = preSolution
		{161DFBF8-D707-40B4-8ECB-71F21E29DCD3} = {5FAB6CF4-E697-4955-ADF7-1B650F77A2F9}
		{B5C1E7B7-C9BE-4DC4-A124-24F402EC6F04} = {161DFBF8-D707-40B4-8ECB-71F21E29DCD3}
		{8D645678-A97B-41C7-AF46-8B8653CE44C3} = {161DFBF8-D707-40B4-8ECB-71F21E29DCD3}
		{7F48C001-EBE6-4E6D-9621-0D8AF61A065C} = {B5C1E7B7-C9BE-4DC4-A124-24F402EC6F04}
		{5C28E737-82E9-42F6-B77A-41F4E8068DD2} = {B5C1E7B7-C9BE-4DC4-A124-24F402EC6F04}
		{81E4C566-E3F2-4E1C-92A0-FB5073FA8C1D} = {B5C1E7B7-C9BE-4DC4-A124-24F402EC6F04}
		{DA7B0FDC-3612-4FBB-8C17-D169B54871AE} = {161DFBF8-D707-40B4-8ECB-71F21E29DCD3}
		{A88021C0-3349-4D1A-A8B7-24B2D9375813} = {DA7B0FDC-3612-4FBB-8C17-D169B54871AE}
		{EFA0590F-48F6-4EF8-B147-D00A872AF26E} = {161DFBF8-D707-40B4-8ECB-71F21E29DCD3}
		{D8B1652B-24DF-4F6F-8C05-203F8D6EA2D6} = {DA7B0FDC-3612-4FBB-8C17-D169B54871AE}
		{0810CA03-EEA3-4714-B753-FF67F969E85E} = {DA7B0FDC-3612-4FBB-8C17-D169B54871AE}
		{2C4588F0-7DC4-4127-9528-B70253C25E2E} = {DA7B0FDC-3612-4FBB-8C17-D169B54871AE}
		{BE2BD5D5-6009-4091-A134-7A1945124436} = {DA7B0FDC-3612-4FBB-8C17-D169B54871AE}
		{60088E61-7622-4301-BC3B-4A8C4D70694D} = {DA7B0FDC-3612-4FBB-8C17-D169B54871AE}
		{5310501E-C533-4982-92E7-E77624CC0F45} = {18170444-CA30-43F3-AA72-8CBB35A4631F}
		{513BA58C-AE6F-4EB0-98DC-FD8A632078C5} = {18170444-CA30-43F3-AA72-8CBB35A4631F}
		{BD4031A0-836A-46EE-8DD9-B6CD1864B2FC} = {DA7B0FDC-3612-4FBB-8C17-D169B54871AE}
		{24400E98-D54C-4C25-A853-139C4006F19E} = {DA7B0FDC-3612-4FBB-8C17-D169B54871AE}
	EndGlobalSection
	GlobalSection(ExtensibilityGlobals) = postSolution
		SolutionGuid = {5A9A0B05-BB4E-449D-A533-4E46735CB138}
	EndGlobalSection
EndGlobal
