
Microsoft Visual Studio Solution File, Format Version 12.00
# Visual Studio Version 16
VisualStudioVersion = 16.0.30804.86
MinimumVisualStudioVersion = 10.0.40219.1
Project("{9A19103F-16F7-4668-BE54-9A1E7A4F7556}") = "Eshva.Poezd.Core", "Eshva.Poezd.Core\Eshva.Poezd.Core.csproj", "{E7C781DF-77DB-435B-95F1-24D3928B9916}"
EndProject
Project("{9A19103F-16F7-4668-BE54-9A1E7A4F7556}") = "Eshva.Poezd.Core.UnitTests", "Eshva.Poezd.Core.UnitTests\Eshva.Poezd.Core.UnitTests.csproj", "{80C3B6B8-7C34-4648-9F37-A31C837B6803}"
EndProject
Project("{2150E333-8FDC-42A3-9474-1A3956D46DE8}") = "Samples", "Samples", "{5FAB6CF4-E697-4955-ADF7-1B650F77A2F9}"
EndProject
Project("{2150E333-8FDC-42A3-9474-1A3956D46DE8}") = "Venture", "Venture", "{161DFBF8-D707-40B4-8ECB-71F21E29DCD3}"
EndProject
Project("{2150E333-8FDC-42A3-9474-1A3956D46DE8}") = "CaseOffice", "CaseOffice", "{B5C1E7B7-C9BE-4DC4-A124-24F402EC6F04}"
EndProject
Project("{2150E333-8FDC-42A3-9474-1A3956D46DE8}") = "WorkPlanner", "WorkPlanner", "{8D645678-A97B-41C7-AF46-8B8653CE44C3}"
EndProject
Project("{9A19103F-16F7-4668-BE54-9A1E7A4F7556}") = "Venture.CaseOffice.Application", "Venture\CaseOffice\Venture.CaseOffice.Application\Venture.CaseOffice.Application.csproj", "{7F48C001-EBE6-4E6D-9621-0D8AF61A065C}"
EndProject
Project("{9A19103F-16F7-4668-BE54-9A1E7A4F7556}") = "Venture.CaseOffice.Domain", "Venture\CaseOffice\Venture.CaseOffice.Domain\Venture.CaseOffice.Domain.csproj", "{5C28E737-82E9-42F6-B77A-41F4E8068DD2}"
EndProject
Project("{9A19103F-16F7-4668-BE54-9A1E7A4F7556}") = "Venture.CaseOffice.Public", "Venture\CaseOffice\Venture.CaseOffice.Public\Venture.CaseOffice.Public.csproj", "{36A04301-F6AE-44F2-940C-26A6A6C1C327}"
EndProject
Project("{9A19103F-16F7-4668-BE54-9A1E7A4F7556}") = "Venture.CaseOffice.Service", "Venture\CaseOffice\Venture.CaseOffice.Service\Venture.CaseOffice.Service.csproj", "{81E4C566-E3F2-4E1C-92A0-FB5073FA8C1D}"
EndProject
Project("{2150E333-8FDC-42A3-9474-1A3956D46DE8}") = "Common", "Common", "{DA7B0FDC-3612-4FBB-8C17-D169B54871AE}"
EndProject
Project("{9A19103F-16F7-4668-BE54-9A1E7A4F7556}") = "Venture.Common.Application", "Venture\Common\Venture.Common.Application\Venture.Common.Application.csproj", "{A88021C0-3349-4D1A-A8B7-24B2D9375813}"
EndProject
Project("{9A19103F-16F7-4668-BE54-9A1E7A4F7556}") = "Venture.Common.Tools", "Venture\Common\Venture.Common.Tools\Venture.Common.Tools.csproj", "{1538AE33-34D4-439B-8C88-11ACFF10A530}"
EndProject
Project("{9A19103F-16F7-4668-BE54-9A1E7A4F7556}") = "Venture.Common.Infrastructure", "Venture\Common\Venture.Common.Infrastructure\Venture.Common.Infrastructure.csproj", "{88AC610D-8301-46ED-81C6-2C3F2D78FBC5}"
EndProject
Project("{9A19103F-16F7-4668-BE54-9A1E7A4F7556}") = "Venture.CaseOffice.ReadModelStorage.Redis", "Venture\CaseOffice\Venture.CaseOffice.ReadModelStorage.Redis\Venture.CaseOffice.ReadModelStorage.Redis.csproj", "{3CB5B32E-D9BD-4DD5-8B7A-1A60B99A2C56}"
EndProject
Project("{9A19103F-16F7-4668-BE54-9A1E7A4F7556}") = "Venture.Poezd.Coupling", "Venture\Common\Venture.Poezd.Coupling\Venture.Poezd.Coupling.csproj", "{4D20F14F-7445-4DF4-85AB-C6773FA6EDCD}"
EndProject
Project("{9A19103F-16F7-4668-BE54-9A1E7A4F7556}") = "Eshva.Common", "Eshva.Common\Eshva.Common.csproj", "{7663432D-EFD2-4424-8B70-DF92BE8C3C01}"
EndProject
Project("{9A19103F-16F7-4668-BE54-9A1E7A4F7556}") = "Eshva.Poezd.SimpleInjectorCoupling", "Eshva.Poezd.SimpleInjectorCoupling\Eshva.Poezd.SimpleInjectorCoupling.csproj", "{85AF1D21-9C16-4CCD-B9A3-8DA891490301}"
EndProject
Project("{9A19103F-16F7-4668-BE54-9A1E7A4F7556}") = "Eshva.Poezd.KafkaCoupling", "Eshva.Poezd.KafkaCoupling\Eshva.Poezd.KafkaCoupling.csproj", "{DF999F58-7A68-4D65-B936-AF9B66658085}"
EndProject
Project("{9A19103F-16F7-4668-BE54-9A1E7A4F7556}") = "Eshva.Poezd.RabbitMqCoupling", "Eshva.Poezd.RabbitMqCoupling\Eshva.Poezd.RabbitMqCoupling.csproj", "{2B6A3131-B73A-46A8-92F1-B102C52CC886}"
EndProject
Project("{9A19103F-16F7-4668-BE54-9A1E7A4F7556}") = "Eshva.Poezd.SerilogCoupling", "Eshva.Poezd.SerilogCoupling\Eshva.Poezd.SerilogCoupling.csproj", "{0B754C71-E592-41B9-81B9-79F2634B7281}"
EndProject
Project("{9A19103F-16F7-4668-BE54-9A1E7A4F7556}") = "Venture.IntegrationTests", "Venture\Venture.IntegrationTests\Venture.IntegrationTests.csproj", "{EFA0590F-48F6-4EF8-B147-D00A872AF26E}"
EndProject
Project("{9A19103F-16F7-4668-BE54-9A1E7A4F7556}") = "Venture.Common.TestingTools", "Venture\Common\Venture.Common.TestingTools\Venture.Common.TestingTools.csproj", "{D8B1652B-24DF-4F6F-8C05-203F8D6EA2D6}"
EndProject
Project("{9A19103F-16F7-4668-BE54-9A1E7A4F7556}") = "Eshva.Poezd.KafkaCoupling.UnitTests", "Eshva.Poezd.KafkaCoupling.UnitTests\Eshva.Poezd.KafkaCoupling.UnitTests.csproj", "{814EBF90-598E-41B5-AF38-3A75F2E0A388}"
EndProject
Project("{9A19103F-16F7-4668-BE54-9A1E7A4F7556}") = "Venture.CaseOffice.WorkPlanner.Adapter", "Venture\CaseOffice\Venture.CaseOffice.WorkPlanner.Adapter\Venture.CaseOffice.WorkPlanner.Adapter.csproj", "{B6C10250-B8C2-4FDD-A44E-50C5C9114FF7}"
EndProject
Project("{9A19103F-16F7-4668-BE54-9A1E7A4F7556}") = "Venture.CaseOffice.WorkPlanner.Messages", "Venture\CaseOffice\Venture.CaseOffice.WorkPlanner.Messages\Venture.CaseOffice.WorkPlanner.Messages.csproj", "{8114BB6B-0387-4EC5-8FAF-4C698FDFFFF0}"
EndProject
Project("{9A19103F-16F7-4668-BE54-9A1E7A4F7556}") = "Eshva.Common.UnitTests", "Eshva.Common.UnitTests\Eshva.Common.UnitTests.csproj", "{B07264FF-37AC-492C-B5BC-64ED7547D8F2}"
EndProject
Project("{9A19103F-16F7-4668-BE54-9A1E7A4F7556}") = "Venture.CaseOffice.WorkPlanner.Adapter.UnitTests", "Venture\CaseOffice\Venture.CaseOffice.WorkPlanner.Adapter.UnitTests\Venture.CaseOffice.WorkPlanner.Adapter.UnitTests.csproj", "{5A858335-7E9C-4CB6-A891-A21C7E6508D2}"
EndProject
Project("{FAE04EC0-301F-11D3-BF4B-00C04F79EFBC}") = "Venture.Common.Poezd.Adapter", "Venture\Common\Venture.Common.Poezd.Adapter\Venture.Common.Poezd.Adapter.csproj", "{0810CA03-EEA3-4714-B753-FF67F969E85E}"
EndProject
Project("{FAE04EC0-301F-11D3-BF4B-00C04F79EFBC}") = "Venture.Common.Poezd.Adapter.UnitTests", "Venture\Common\Venture.Common.Poezd.Adapter.UnitTests\Venture.Common.Poezd.Adapter.UnitTests.csproj", "{2C4588F0-7DC4-4127-9528-B70253C25E2E}"
EndProject
Global
	GlobalSection(SolutionConfigurationPlatforms) = preSolution
		Debug|Any CPU = Debug|Any CPU
		Release|Any CPU = Release|Any CPU
	EndGlobalSection
	GlobalSection(ProjectConfigurationPlatforms) = postSolution
		{E7C781DF-77DB-435B-95F1-24D3928B9916}.Debug|Any CPU.ActiveCfg = Debug|Any CPU
		{E7C781DF-77DB-435B-95F1-24D3928B9916}.Debug|Any CPU.Build.0 = Debug|Any CPU
		{E7C781DF-77DB-435B-95F1-24D3928B9916}.Release|Any CPU.ActiveCfg = Release|Any CPU
		{E7C781DF-77DB-435B-95F1-24D3928B9916}.Release|Any CPU.Build.0 = Release|Any CPU
		{80C3B6B8-7C34-4648-9F37-A31C837B6803}.Debug|Any CPU.ActiveCfg = Debug|Any CPU
		{80C3B6B8-7C34-4648-9F37-A31C837B6803}.Debug|Any CPU.Build.0 = Debug|Any CPU
		{80C3B6B8-7C34-4648-9F37-A31C837B6803}.Release|Any CPU.ActiveCfg = Release|Any CPU
		{80C3B6B8-7C34-4648-9F37-A31C837B6803}.Release|Any CPU.Build.0 = Release|Any CPU
		{7F48C001-EBE6-4E6D-9621-0D8AF61A065C}.Debug|Any CPU.ActiveCfg = Debug|Any CPU
		{7F48C001-EBE6-4E6D-9621-0D8AF61A065C}.Debug|Any CPU.Build.0 = Debug|Any CPU
		{7F48C001-EBE6-4E6D-9621-0D8AF61A065C}.Release|Any CPU.ActiveCfg = Release|Any CPU
		{7F48C001-EBE6-4E6D-9621-0D8AF61A065C}.Release|Any CPU.Build.0 = Release|Any CPU
		{5C28E737-82E9-42F6-B77A-41F4E8068DD2}.Debug|Any CPU.ActiveCfg = Debug|Any CPU
		{5C28E737-82E9-42F6-B77A-41F4E8068DD2}.Debug|Any CPU.Build.0 = Debug|Any CPU
		{5C28E737-82E9-42F6-B77A-41F4E8068DD2}.Release|Any CPU.ActiveCfg = Release|Any CPU
		{5C28E737-82E9-42F6-B77A-41F4E8068DD2}.Release|Any CPU.Build.0 = Release|Any CPU
		{36A04301-F6AE-44F2-940C-26A6A6C1C327}.Debug|Any CPU.ActiveCfg = Debug|Any CPU
		{36A04301-F6AE-44F2-940C-26A6A6C1C327}.Debug|Any CPU.Build.0 = Debug|Any CPU
		{36A04301-F6AE-44F2-940C-26A6A6C1C327}.Release|Any CPU.ActiveCfg = Release|Any CPU
		{36A04301-F6AE-44F2-940C-26A6A6C1C327}.Release|Any CPU.Build.0 = Release|Any CPU
		{81E4C566-E3F2-4E1C-92A0-FB5073FA8C1D}.Debug|Any CPU.ActiveCfg = Debug|Any CPU
		{81E4C566-E3F2-4E1C-92A0-FB5073FA8C1D}.Debug|Any CPU.Build.0 = Debug|Any CPU
		{81E4C566-E3F2-4E1C-92A0-FB5073FA8C1D}.Release|Any CPU.ActiveCfg = Release|Any CPU
		{81E4C566-E3F2-4E1C-92A0-FB5073FA8C1D}.Release|Any CPU.Build.0 = Release|Any CPU
		{A88021C0-3349-4D1A-A8B7-24B2D9375813}.Debug|Any CPU.ActiveCfg = Debug|Any CPU
		{A88021C0-3349-4D1A-A8B7-24B2D9375813}.Debug|Any CPU.Build.0 = Debug|Any CPU
		{A88021C0-3349-4D1A-A8B7-24B2D9375813}.Release|Any CPU.ActiveCfg = Release|Any CPU
		{A88021C0-3349-4D1A-A8B7-24B2D9375813}.Release|Any CPU.Build.0 = Release|Any CPU
		{1538AE33-34D4-439B-8C88-11ACFF10A530}.Debug|Any CPU.ActiveCfg = Debug|Any CPU
		{1538AE33-34D4-439B-8C88-11ACFF10A530}.Debug|Any CPU.Build.0 = Debug|Any CPU
		{1538AE33-34D4-439B-8C88-11ACFF10A530}.Release|Any CPU.ActiveCfg = Release|Any CPU
		{1538AE33-34D4-439B-8C88-11ACFF10A530}.Release|Any CPU.Build.0 = Release|Any CPU
		{88AC610D-8301-46ED-81C6-2C3F2D78FBC5}.Debug|Any CPU.ActiveCfg = Debug|Any CPU
		{88AC610D-8301-46ED-81C6-2C3F2D78FBC5}.Debug|Any CPU.Build.0 = Debug|Any CPU
		{88AC610D-8301-46ED-81C6-2C3F2D78FBC5}.Release|Any CPU.ActiveCfg = Release|Any CPU
		{88AC610D-8301-46ED-81C6-2C3F2D78FBC5}.Release|Any CPU.Build.0 = Release|Any CPU
		{3CB5B32E-D9BD-4DD5-8B7A-1A60B99A2C56}.Debug|Any CPU.ActiveCfg = Debug|Any CPU
		{3CB5B32E-D9BD-4DD5-8B7A-1A60B99A2C56}.Debug|Any CPU.Build.0 = Debug|Any CPU
		{3CB5B32E-D9BD-4DD5-8B7A-1A60B99A2C56}.Release|Any CPU.ActiveCfg = Release|Any CPU
		{3CB5B32E-D9BD-4DD5-8B7A-1A60B99A2C56}.Release|Any CPU.Build.0 = Release|Any CPU
		{4D20F14F-7445-4DF4-85AB-C6773FA6EDCD}.Debug|Any CPU.ActiveCfg = Debug|Any CPU
		{4D20F14F-7445-4DF4-85AB-C6773FA6EDCD}.Debug|Any CPU.Build.0 = Debug|Any CPU
		{4D20F14F-7445-4DF4-85AB-C6773FA6EDCD}.Release|Any CPU.ActiveCfg = Release|Any CPU
		{4D20F14F-7445-4DF4-85AB-C6773FA6EDCD}.Release|Any CPU.Build.0 = Release|Any CPU
		{7663432D-EFD2-4424-8B70-DF92BE8C3C01}.Debug|Any CPU.ActiveCfg = Debug|Any CPU
		{7663432D-EFD2-4424-8B70-DF92BE8C3C01}.Debug|Any CPU.Build.0 = Debug|Any CPU
		{7663432D-EFD2-4424-8B70-DF92BE8C3C01}.Release|Any CPU.ActiveCfg = Release|Any CPU
		{7663432D-EFD2-4424-8B70-DF92BE8C3C01}.Release|Any CPU.Build.0 = Release|Any CPU
		{85AF1D21-9C16-4CCD-B9A3-8DA891490301}.Debug|Any CPU.ActiveCfg = Debug|Any CPU
		{85AF1D21-9C16-4CCD-B9A3-8DA891490301}.Debug|Any CPU.Build.0 = Debug|Any CPU
		{85AF1D21-9C16-4CCD-B9A3-8DA891490301}.Release|Any CPU.ActiveCfg = Release|Any CPU
		{85AF1D21-9C16-4CCD-B9A3-8DA891490301}.Release|Any CPU.Build.0 = Release|Any CPU
		{DF999F58-7A68-4D65-B936-AF9B66658085}.Debug|Any CPU.ActiveCfg = Debug|Any CPU
		{DF999F58-7A68-4D65-B936-AF9B66658085}.Debug|Any CPU.Build.0 = Debug|Any CPU
		{DF999F58-7A68-4D65-B936-AF9B66658085}.Release|Any CPU.ActiveCfg = Release|Any CPU
		{DF999F58-7A68-4D65-B936-AF9B66658085}.Release|Any CPU.Build.0 = Release|Any CPU
		{2B6A3131-B73A-46A8-92F1-B102C52CC886}.Debug|Any CPU.ActiveCfg = Debug|Any CPU
		{2B6A3131-B73A-46A8-92F1-B102C52CC886}.Debug|Any CPU.Build.0 = Debug|Any CPU
		{2B6A3131-B73A-46A8-92F1-B102C52CC886}.Release|Any CPU.ActiveCfg = Release|Any CPU
		{2B6A3131-B73A-46A8-92F1-B102C52CC886}.Release|Any CPU.Build.0 = Release|Any CPU
		{0B754C71-E592-41B9-81B9-79F2634B7281}.Debug|Any CPU.ActiveCfg = Debug|Any CPU
		{0B754C71-E592-41B9-81B9-79F2634B7281}.Debug|Any CPU.Build.0 = Debug|Any CPU
		{0B754C71-E592-41B9-81B9-79F2634B7281}.Release|Any CPU.ActiveCfg = Release|Any CPU
		{0B754C71-E592-41B9-81B9-79F2634B7281}.Release|Any CPU.Build.0 = Release|Any CPU
		{EFA0590F-48F6-4EF8-B147-D00A872AF26E}.Debug|Any CPU.ActiveCfg = Debug|Any CPU
		{EFA0590F-48F6-4EF8-B147-D00A872AF26E}.Debug|Any CPU.Build.0 = Debug|Any CPU
		{EFA0590F-48F6-4EF8-B147-D00A872AF26E}.Release|Any CPU.ActiveCfg = Release|Any CPU
		{EFA0590F-48F6-4EF8-B147-D00A872AF26E}.Release|Any CPU.Build.0 = Release|Any CPU
		{D8B1652B-24DF-4F6F-8C05-203F8D6EA2D6}.Debug|Any CPU.ActiveCfg = Debug|Any CPU
		{D8B1652B-24DF-4F6F-8C05-203F8D6EA2D6}.Debug|Any CPU.Build.0 = Debug|Any CPU
		{D8B1652B-24DF-4F6F-8C05-203F8D6EA2D6}.Release|Any CPU.ActiveCfg = Release|Any CPU
		{D8B1652B-24DF-4F6F-8C05-203F8D6EA2D6}.Release|Any CPU.Build.0 = Release|Any CPU
		{814EBF90-598E-41B5-AF38-3A75F2E0A388}.Debug|Any CPU.ActiveCfg = Debug|Any CPU
		{814EBF90-598E-41B5-AF38-3A75F2E0A388}.Debug|Any CPU.Build.0 = Debug|Any CPU
		{814EBF90-598E-41B5-AF38-3A75F2E0A388}.Release|Any CPU.ActiveCfg = Release|Any CPU
		{814EBF90-598E-41B5-AF38-3A75F2E0A388}.Release|Any CPU.Build.0 = Release|Any CPU
		{B6C10250-B8C2-4FDD-A44E-50C5C9114FF7}.Debug|Any CPU.ActiveCfg = Debug|Any CPU
		{B6C10250-B8C2-4FDD-A44E-50C5C9114FF7}.Debug|Any CPU.Build.0 = Debug|Any CPU
		{B6C10250-B8C2-4FDD-A44E-50C5C9114FF7}.Release|Any CPU.ActiveCfg = Release|Any CPU
		{B6C10250-B8C2-4FDD-A44E-50C5C9114FF7}.Release|Any CPU.Build.0 = Release|Any CPU
		{8114BB6B-0387-4EC5-8FAF-4C698FDFFFF0}.Debug|Any CPU.ActiveCfg = Debug|Any CPU
		{8114BB6B-0387-4EC5-8FAF-4C698FDFFFF0}.Debug|Any CPU.Build.0 = Debug|Any CPU
		{8114BB6B-0387-4EC5-8FAF-4C698FDFFFF0}.Release|Any CPU.ActiveCfg = Release|Any CPU
		{8114BB6B-0387-4EC5-8FAF-4C698FDFFFF0}.Release|Any CPU.Build.0 = Release|Any CPU
		{B07264FF-37AC-492C-B5BC-64ED7547D8F2}.Debug|Any CPU.ActiveCfg = Debug|Any CPU
		{B07264FF-37AC-492C-B5BC-64ED7547D8F2}.Debug|Any CPU.Build.0 = Debug|Any CPU
		{B07264FF-37AC-492C-B5BC-64ED7547D8F2}.Release|Any CPU.ActiveCfg = Release|Any CPU
		{B07264FF-37AC-492C-B5BC-64ED7547D8F2}.Release|Any CPU.Build.0 = Release|Any CPU
		{5A858335-7E9C-4CB6-A891-A21C7E6508D2}.Debug|Any CPU.ActiveCfg = Debug|Any CPU
		{5A858335-7E9C-4CB6-A891-A21C7E6508D2}.Debug|Any CPU.Build.0 = Debug|Any CPU
		{5A858335-7E9C-4CB6-A891-A21C7E6508D2}.Release|Any CPU.ActiveCfg = Release|Any CPU
		{5A858335-7E9C-4CB6-A891-A21C7E6508D2}.Release|Any CPU.Build.0 = Release|Any CPU
		{0810CA03-EEA3-4714-B753-FF67F969E85E}.Debug|Any CPU.ActiveCfg = Debug|Any CPU
		{0810CA03-EEA3-4714-B753-FF67F969E85E}.Debug|Any CPU.Build.0 = Debug|Any CPU
		{0810CA03-EEA3-4714-B753-FF67F969E85E}.Release|Any CPU.ActiveCfg = Release|Any CPU
		{0810CA03-EEA3-4714-B753-FF67F969E85E}.Release|Any CPU.Build.0 = Release|Any CPU
		{2C4588F0-7DC4-4127-9528-B70253C25E2E}.Debug|Any CPU.ActiveCfg = Debug|Any CPU
		{2C4588F0-7DC4-4127-9528-B70253C25E2E}.Debug|Any CPU.Build.0 = Debug|Any CPU
		{2C4588F0-7DC4-4127-9528-B70253C25E2E}.Release|Any CPU.ActiveCfg = Release|Any CPU
		{2C4588F0-7DC4-4127-9528-B70253C25E2E}.Release|Any CPU.Build.0 = Release|Any CPU
	EndGlobalSection
	GlobalSection(SolutionProperties) = preSolution
		HideSolutionNode = FALSE
	EndGlobalSection
	GlobalSection(NestedProjects) = preSolution
		{161DFBF8-D707-40B4-8ECB-71F21E29DCD3} = {5FAB6CF4-E697-4955-ADF7-1B650F77A2F9}
		{B5C1E7B7-C9BE-4DC4-A124-24F402EC6F04} = {161DFBF8-D707-40B4-8ECB-71F21E29DCD3}
		{8D645678-A97B-41C7-AF46-8B8653CE44C3} = {161DFBF8-D707-40B4-8ECB-71F21E29DCD3}
		{7F48C001-EBE6-4E6D-9621-0D8AF61A065C} = {B5C1E7B7-C9BE-4DC4-A124-24F402EC6F04}
		{5C28E737-82E9-42F6-B77A-41F4E8068DD2} = {B5C1E7B7-C9BE-4DC4-A124-24F402EC6F04}
		{36A04301-F6AE-44F2-940C-26A6A6C1C327} = {B5C1E7B7-C9BE-4DC4-A124-24F402EC6F04}
		{81E4C566-E3F2-4E1C-92A0-FB5073FA8C1D} = {B5C1E7B7-C9BE-4DC4-A124-24F402EC6F04}
		{DA7B0FDC-3612-4FBB-8C17-D169B54871AE} = {161DFBF8-D707-40B4-8ECB-71F21E29DCD3}
		{A88021C0-3349-4D1A-A8B7-24B2D9375813} = {DA7B0FDC-3612-4FBB-8C17-D169B54871AE}
		{1538AE33-34D4-439B-8C88-11ACFF10A530} = {DA7B0FDC-3612-4FBB-8C17-D169B54871AE}
		{88AC610D-8301-46ED-81C6-2C3F2D78FBC5} = {DA7B0FDC-3612-4FBB-8C17-D169B54871AE}
		{3CB5B32E-D9BD-4DD5-8B7A-1A60B99A2C56} = {B5C1E7B7-C9BE-4DC4-A124-24F402EC6F04}
		{4D20F14F-7445-4DF4-85AB-C6773FA6EDCD} = {DA7B0FDC-3612-4FBB-8C17-D169B54871AE}
		{EFA0590F-48F6-4EF8-B147-D00A872AF26E} = {161DFBF8-D707-40B4-8ECB-71F21E29DCD3}
		{D8B1652B-24DF-4F6F-8C05-203F8D6EA2D6} = {DA7B0FDC-3612-4FBB-8C17-D169B54871AE}
		{B6C10250-B8C2-4FDD-A44E-50C5C9114FF7} = {B5C1E7B7-C9BE-4DC4-A124-24F402EC6F04}
		{8114BB6B-0387-4EC5-8FAF-4C698FDFFFF0} = {B5C1E7B7-C9BE-4DC4-A124-24F402EC6F04}
		{5A858335-7E9C-4CB6-A891-A21C7E6508D2} = {B5C1E7B7-C9BE-4DC4-A124-24F402EC6F04}
		{0810CA03-EEA3-4714-B753-FF67F969E85E} = {DA7B0FDC-3612-4FBB-8C17-D169B54871AE}
		{2C4588F0-7DC4-4127-9528-B70253C25E2E} = {DA7B0FDC-3612-4FBB-8C17-D169B54871AE}
	EndGlobalSection
	GlobalSection(ExtensibilityGlobals) = postSolution
		SolutionGuid = {5A9A0B05-BB4E-449D-A533-4E46735CB138}
	EndGlobalSection
EndGlobal
